
Microsoft Visual Studio Solution File, Format Version 12.00
# Visual Studio Version 16
VisualStudioVersion = 16.0.31729.503
MinimumVisualStudioVersion = 10.0.40219.1
Project("{FAE04EC0-301F-11D3-BF4B-00C04F79EFBC}") = "CourseCrawler", "CourseCrawler.csproj", "{7BF5EA4D-4542-48D8-BCFB-5F6DA468E183}"
EndProject
Project("{FAE04EC0-301F-11D3-BF4B-00C04F79EFBC}") = "CourseCrawlerTests", "CourseCrawlerTests\CourseCrawlerTests.csproj", "{0089E761-3EB6-49B1-A0B3-65B857B57304}"
EndProject
Global
	GlobalSection(SolutionConfigurationPlatforms) = preSolution
		Debug|Any CPU = Debug|Any CPU
		Release|Any CPU = Release|Any CPU
	EndGlobalSection
	GlobalSection(ProjectConfigurationPlatforms) = postSolution
		{7BF5EA4D-4542-48D8-BCFB-5F6DA468E183}.Debug|Any CPU.ActiveCfg = Debug|Any CPU
		{7BF5EA4D-4542-48D8-BCFB-5F6DA468E183}.Debug|Any CPU.Build.0 = Debug|Any CPU
		{7BF5EA4D-4542-48D8-BCFB-5F6DA468E183}.Release|Any CPU.ActiveCfg = Release|Any CPU
		{7BF5EA4D-4542-48D8-BCFB-5F6DA468E183}.Release|Any CPU.Build.0 = Release|Any CPU
		{0089E761-3EB6-49B1-A0B3-65B857B57304}.Debug|Any CPU.ActiveCfg = Debug|Any CPU
		{0089E761-3EB6-49B1-A0B3-65B857B57304}.Debug|Any CPU.Build.0 = Debug|Any CPU
		{0089E761-3EB6-49B1-A0B3-65B857B57304}.Release|Any CPU.ActiveCfg = Release|Any CPU
		{0089E761-3EB6-49B1-A0B3-65B857B57304}.Release|Any CPU.Build.0 = Release|Any CPU
	EndGlobalSection
	GlobalSection(SolutionProperties) = preSolution
		HideSolutionNode = FALSE
	EndGlobalSection
	GlobalSection(ExtensibilityGlobals) = postSolution
		SolutionGuid = {BE34708A-C427-48B4-835B-58B8551807ED}
	EndGlobalSection
EndGlobal
